
Microsoft Visual Studio Solution File, Format Version 12.00
Project("{FAE04EC0-301F-11D3-BF4B-00C04F79EFBC}") = "AlgorithmsAssignmentsPart2Task2", "AlgorithmsAssignmentsPart2Task2\AlgorithmsAssignmentsPart2Task2.csproj", "{0E4FAC48-CFF9-413C-9D85-0221AE51F3DD}"
EndProject
Global
	GlobalSection(SolutionConfigurationPlatforms) = preSolution
		Debug|Any CPU = Debug|Any CPU
		Release|Any CPU = Release|Any CPU
	EndGlobalSection
	GlobalSection(ProjectConfigurationPlatforms) = postSolution
		{0E4FAC48-CFF9-413C-9D85-0221AE51F3DD}.Debug|Any CPU.ActiveCfg = Debug|Any CPU
		{0E4FAC48-CFF9-413C-9D85-0221AE51F3DD}.Debug|Any CPU.Build.0 = Debug|Any CPU
		{0E4FAC48-CFF9-413C-9D85-0221AE51F3DD}.Release|Any CPU.ActiveCfg = Release|Any CPU
		{0E4FAC48-CFF9-413C-9D85-0221AE51F3DD}.Release|Any CPU.Build.0 = Release|Any CPU
	EndGlobalSection
EndGlobal
